
Microsoft Visual Studio Solution File, Format Version 12.00
# Visual Studio 15
VisualStudioVersion = 15.0.27130.2003
MinimumVisualStudioVersion = 10.0.40219.1
Project("{FAE04EC0-301F-11D3-BF4B-00C04F79EFBC}") = "IRuettae.WebApp", "Frontend\IRuettae.WebApp\IRuettae.WebApp.csproj", "{AB95E2B1-929A-4ECA-A848-AD7AC3D73DB7}"
EndProject
Project("{FAE04EC0-301F-11D3-BF4B-00C04F79EFBC}") = "IRuettae.WebApp.Tests", "Frontend\IRuettae.WebApp.Tests\IRuettae.WebApp.Tests.csproj", "{AE883BE4-3D4F-44E1-A3ED-F59C7D57083D}"
EndProject
Project("{FAE04EC0-301F-11D3-BF4B-00C04F79EFBC}") = "IRuettae.WebAPI", "Api\IRuettae.WebAPI\IRuettae.WebAPI.csproj", "{BF1A0257-88B9-4E46-83EB-5C8836B3486A}"
EndProject
Project("{FAE04EC0-301F-11D3-BF4B-00C04F79EFBC}") = "IRuettae.WebAPI.Tests", "Api\IRuettae.WebAPI.Tests\IRuettae.WebAPI.Tests.csproj", "{B0BA6194-1CA6-48F6-9090-DC6A8C468F63}"
EndProject
Project("{FAE04EC0-301F-11D3-BF4B-00C04F79EFBC}") = "IRuettae.GeoCalculations", "DataEnrichment\IRuettae.Geolocator\IRuettae.GeoCalculations.csproj", "{6CAFE95B-09B0-470D-83F3-B49C17B38334}"
EndProject
Project("{FAE04EC0-301F-11D3-BF4B-00C04F79EFBC}") = "IRuettae.Preprocessing", "DataEnrichment\IRuettae.Preprocessing\IRuettae.Preprocessing.csproj", "{B84CADD1-5F00-4B62-A363-9A047E39FBBD}"
EndProject
Project("{FAE04EC0-301F-11D3-BF4B-00C04F79EFBC}") = "IRuettae.Preprocessing.Tests", "DataEnrichment\IRuettae.Preprocessing.Tests\IRuettae.Preprocessing.Tests.csproj", "{8967F419-E3C4-4305-B8B9-0C1465960FB5}"
EndProject
Project("{FAE04EC0-301F-11D3-BF4B-00C04F79EFBC}") = "IRuettae.Core.ILP", "Core\IRuettae.Core.ILP\IRuettae.Core.ILP.csproj", "{D56E9DF6-B3A9-4B97-82E4-F3CD401BBE7C}"
EndProject
Project("{FAE04EC0-301F-11D3-BF4B-00C04F79EFBC}") = "IRuettae.Core.ILP.Tests", "Core\IRuettae.Core.ILP.Tests\IRuettae.Core.ILP.Tests.csproj", "{648BD52D-DEA2-491C-B7D9-9DC959F537DE}"
EndProject
Project("{FAE04EC0-301F-11D3-BF4B-00C04F79EFBC}") = "IRuettae.Persistence.Tests", "Database\IRuettae.Persistence.Tests\IRuettae.Persistence.Tests.csproj", "{62985BC6-A3FC-442C-A32E-AA0893B88396}"
EndProject
Project("{FAE04EC0-301F-11D3-BF4B-00C04F79EFBC}") = "IRuettae.Persistence", "Database\IRuettae.Persistence\IRuettae.Persistence.csproj", "{48D4BEDB-21DD-4BA9-8B15-7327F2A87EA3}"
EndProject
Project("{FAE04EC0-301F-11D3-BF4B-00C04F79EFBC}") = "IRuettae.GeoCalculations.Tests", "DataEnrichment\IRuettae.GeoCalculations.Tests\IRuettae.GeoCalculations.Tests.csproj", "{79092310-533C-4709-814C-281D72D093F7}"
EndProject
Project("{FAE04EC0-301F-11D3-BF4B-00C04F79EFBC}") = "IRuettae.ConsoleApp", "DebugApps\IRuettae.ConsoleApp\IRuettae.ConsoleApp.csproj", "{5E7DB822-C12C-4B12-A8FB-D8336F6E272E}"
EndProject
Project("{2150E333-8FDC-42A3-9474-1A3956D46DE8}") = "Core", "Core", "{4AFFAE11-44BE-4405-B3F8-A60826387129}"
EndProject
Project("{2150E333-8FDC-42A3-9474-1A3956D46DE8}") = "DebugApps", "DebugApps", "{F60824C4-90B4-4C99-BF8C-A185BCA036B0}"
EndProject
Project("{2150E333-8FDC-42A3-9474-1A3956D46DE8}") = "DataEnrichment", "DataEnrichment", "{491DA4DE-FC01-40E3-B29C-6ED65676BEA5}"
EndProject
Project("{2150E333-8FDC-42A3-9474-1A3956D46DE8}") = "Database", "Database", "{A7535E33-EE6C-49B8-8BEB-D2A4E394A762}"
EndProject
Project("{2150E333-8FDC-42A3-9474-1A3956D46DE8}") = "Frontend", "Frontend", "{A6E968A2-F6A8-4D1D-BD42-EE1CD7C782BC}"
EndProject
Project("{2150E333-8FDC-42A3-9474-1A3956D46DE8}") = "Api", "Api", "{753659F5-28AD-4F6F-AE58-E1F3F8E274B4}"
EndProject
Project("{2150E333-8FDC-42A3-9474-1A3956D46DE8}") = "Converter", "Converter", "{6800792F-BAE0-49FD-AD84-142BBB895596}"
EndProject
Project("{FAE04EC0-301F-11D3-BF4B-00C04F79EFBC}") = "IRuettae.Converter", "Converter\IRuettae.Converter\IRuettae.Converter.csproj", "{3653EA67-0CA2-40FC-B027-1DF812F7BC7C}"
EndProject
Project("{FAE04EC0-301F-11D3-BF4B-00C04F79EFBC}") = "IRuettae.Core", "Core\IRuettae.Core\IRuettae.Core.csproj", "{E6F0FFC6-7F26-4286-AE57-44411EB66118}"
EndProject
Project("{FAE04EC0-301F-11D3-BF4B-00C04F79EFBC}") = "IRuettae.Converter.Tests", "Converter\IRuettae.Converter.Tests\IRuettae.Converter.Tests.csproj", "{623C71D4-1F01-4615-A64B-07154EC6DE57}"
EndProject
Project("{FAE04EC0-301F-11D3-BF4B-00C04F79EFBC}") = "IRuettae.Core.Tests", "Core\IRuettae.Core.Tests\IRuettae.Core.Tests.csproj", "{F1342EB4-8A3B-4A47-AA84-5D6418F1D984}"
EndProject
Project("{FAE04EC0-301F-11D3-BF4B-00C04F79EFBC}") = "IRuettae.Core.Manual", "Core\IRuettae.Core.Manual\IRuettae.Core.Manual.csproj", "{AD56F730-28E1-4FED-9587-79079A4DE9C6}"
EndProject
Project("{FAE04EC0-301F-11D3-BF4B-00C04F79EFBC}") = "IRuettae.Core.Manual.Test", "Core\IRuettae.Core.Manual.Test\IRuettae.Core.Manual.Test.csproj", "{181D744F-637D-4124-AE8A-ED2F3DCD0A66}"
EndProject
Project("{FAE04EC0-301F-11D3-BF4B-00C04F79EFBC}") = "IRuettae.Evaluator", "DebugApps\IRuettae.Evaluator\IRuettae.Evaluator.csproj", "{BC77765F-0F0A-47F9-8D86-7D2EAD6F496C}"
EndProject
Project("{FAE04EC0-301F-11D3-BF4B-00C04F79EFBC}") = "IRuettae.DatasetGenerator", "DebugApps\IRuettae.DatasetGenerator\IRuettae.DatasetGenerator.csproj", "{D9170058-B707-44F3-A38F-88117D9D8331}"
EndProject
Project("{FAE04EC0-301F-11D3-BF4B-00C04F79EFBC}") = "IRuettae.Core.LocalSolver", "Core\IRuettae.Core.LocalSolver\IRuettae.Core.LocalSolver.csproj", "{383487D6-E248-4D1B-A1D6-BE3BFBC54ABF}"
EndProject
Project("{FAE04EC0-301F-11D3-BF4B-00C04F79EFBC}") = "IRuettae.Core.LocalSolver.Tests", "Core\IRuettae.Core.LocalSolverTests\IRuettae.Core.LocalSolver.Tests.csproj", "{CDDB3393-DFAF-4FA2-A9C4-0F9B06332753}"
EndProject
Project("{FAE04EC0-301F-11D3-BF4B-00C04F79EFBC}") = "IRuettae.ResultEvaluator", "DebugApps\IRuettae.ResultEvaluator\IRuettae.ResultEvaluator.csproj", "{BF686FD0-CD50-4F60-AD88-02591D9F3528}"
EndProject
Project("{FAE04EC0-301F-11D3-BF4B-00C04F79EFBC}") = "IRuettae.Core.GeneticAlgorithm", "Core\IRuettae.Core.GeneticAlgorithm\IRuettae.Core.GeneticAlgorithm.csproj", "{48054F06-CCF2-4F00-BF6A-70F44C86BEF5}"
EndProject
Project("{FAE04EC0-301F-11D3-BF4B-00C04F79EFBC}") = "IRuettae.Core.GeneticAlgorithm.Tests", "Core\IRuettae.Core.GeneticAlgorithm.Tests\IRuettae.Core.GeneticAlgorithm.Tests.csproj", "{51555E8A-6A06-4216-AB08-57F5E8663AA1}"
EndProject
Project("{FAE04EC0-301F-11D3-BF4B-00C04F79EFBC}") = "IRuettae.Core.ILPIp5Gurobi", "Core\IRuettae.Core.ILPIp5Gurobi\IRuettae.Core.ILPIp5Gurobi.csproj", "{6B0C008E-522D-4A5A-B854-CA14FA22C715}"
EndProject
Project("{FAE04EC0-301F-11D3-BF4B-00C04F79EFBC}") = "IRuettae.Core.ILPIp5GurobiTests", "Core\IRuettae.Core.ILPIp5GurobiTests\IRuettae.Core.ILPIp5GurobiTests.csproj", "{8735FC81-85DC-41B1-BB3A-9473CEA4D455}"
EndProject
Project("{FAE04EC0-301F-11D3-BF4B-00C04F79EFBC}") = "IRuettae.Core.Google.Routing.Tests", "Core\IRuettae.Core.Google.Routing.Tests\IRuettae.Core.Google.Routing.Tests.csproj", "{6E92CD1C-AD25-4845-8335-FB0EB813CE73}"
EndProject
Project("{FAE04EC0-301F-11D3-BF4B-00C04F79EFBC}") = "IRuettae.Core.Google.Routing", "Core\IRuettae.Core.Google.Routing\IRuettae.Core.Google.Routing.csproj", "{74331164-A8FD-498D-B4F8-F10A12AD4FFA}"
EndProject
Global
	GlobalSection(SolutionConfigurationPlatforms) = preSolution
		Debug With RealGoogle|Any CPU = Debug With RealGoogle|Any CPU
		Debug|Any CPU = Debug|Any CPU
		Release|Any CPU = Release|Any CPU
	EndGlobalSection
	GlobalSection(ProjectConfigurationPlatforms) = postSolution
		{AB95E2B1-929A-4ECA-A848-AD7AC3D73DB7}.Debug With RealGoogle|Any CPU.ActiveCfg = Debug With RealGoogle|Any CPU
		{AB95E2B1-929A-4ECA-A848-AD7AC3D73DB7}.Debug With RealGoogle|Any CPU.Build.0 = Debug With RealGoogle|Any CPU
		{AB95E2B1-929A-4ECA-A848-AD7AC3D73DB7}.Debug|Any CPU.ActiveCfg = Debug|Any CPU
		{AB95E2B1-929A-4ECA-A848-AD7AC3D73DB7}.Debug|Any CPU.Build.0 = Debug|Any CPU
		{AB95E2B1-929A-4ECA-A848-AD7AC3D73DB7}.Release|Any CPU.ActiveCfg = Release|Any CPU
		{AB95E2B1-929A-4ECA-A848-AD7AC3D73DB7}.Release|Any CPU.Build.0 = Release|Any CPU
		{AE883BE4-3D4F-44E1-A3ED-F59C7D57083D}.Debug With RealGoogle|Any CPU.ActiveCfg = Debug With RealGoogle|Any CPU
		{AE883BE4-3D4F-44E1-A3ED-F59C7D57083D}.Debug With RealGoogle|Any CPU.Build.0 = Debug With RealGoogle|Any CPU
		{AE883BE4-3D4F-44E1-A3ED-F59C7D57083D}.Debug|Any CPU.ActiveCfg = Debug|Any CPU
		{AE883BE4-3D4F-44E1-A3ED-F59C7D57083D}.Debug|Any CPU.Build.0 = Debug|Any CPU
		{AE883BE4-3D4F-44E1-A3ED-F59C7D57083D}.Release|Any CPU.ActiveCfg = Release|Any CPU
		{AE883BE4-3D4F-44E1-A3ED-F59C7D57083D}.Release|Any CPU.Build.0 = Release|Any CPU
		{BF1A0257-88B9-4E46-83EB-5C8836B3486A}.Debug With RealGoogle|Any CPU.ActiveCfg = Debug With RealGoogle|Any CPU
		{BF1A0257-88B9-4E46-83EB-5C8836B3486A}.Debug With RealGoogle|Any CPU.Build.0 = Debug With RealGoogle|Any CPU
		{BF1A0257-88B9-4E46-83EB-5C8836B3486A}.Debug|Any CPU.ActiveCfg = Debug|Any CPU
		{BF1A0257-88B9-4E46-83EB-5C8836B3486A}.Debug|Any CPU.Build.0 = Debug|Any CPU
		{BF1A0257-88B9-4E46-83EB-5C8836B3486A}.Release|Any CPU.ActiveCfg = Release|Any CPU
		{BF1A0257-88B9-4E46-83EB-5C8836B3486A}.Release|Any CPU.Build.0 = Release|Any CPU
		{B0BA6194-1CA6-48F6-9090-DC6A8C468F63}.Debug With RealGoogle|Any CPU.ActiveCfg = Debug With RealGoogle|Any CPU
		{B0BA6194-1CA6-48F6-9090-DC6A8C468F63}.Debug With RealGoogle|Any CPU.Build.0 = Debug With RealGoogle|Any CPU
		{B0BA6194-1CA6-48F6-9090-DC6A8C468F63}.Debug|Any CPU.ActiveCfg = Debug|Any CPU
		{B0BA6194-1CA6-48F6-9090-DC6A8C468F63}.Debug|Any CPU.Build.0 = Debug|Any CPU
		{B0BA6194-1CA6-48F6-9090-DC6A8C468F63}.Release|Any CPU.ActiveCfg = Release|Any CPU
		{B0BA6194-1CA6-48F6-9090-DC6A8C468F63}.Release|Any CPU.Build.0 = Release|Any CPU
		{6CAFE95B-09B0-470D-83F3-B49C17B38334}.Debug With RealGoogle|Any CPU.ActiveCfg = Debug With RealGoogle|Any CPU
		{6CAFE95B-09B0-470D-83F3-B49C17B38334}.Debug With RealGoogle|Any CPU.Build.0 = Debug With RealGoogle|Any CPU
		{6CAFE95B-09B0-470D-83F3-B49C17B38334}.Debug|Any CPU.ActiveCfg = Debug|Any CPU
		{6CAFE95B-09B0-470D-83F3-B49C17B38334}.Debug|Any CPU.Build.0 = Debug|Any CPU
		{6CAFE95B-09B0-470D-83F3-B49C17B38334}.Release|Any CPU.ActiveCfg = Release|Any CPU
		{6CAFE95B-09B0-470D-83F3-B49C17B38334}.Release|Any CPU.Build.0 = Release|Any CPU
		{B84CADD1-5F00-4B62-A363-9A047E39FBBD}.Debug With RealGoogle|Any CPU.ActiveCfg = Debug With RealGoogle|Any CPU
		{B84CADD1-5F00-4B62-A363-9A047E39FBBD}.Debug With RealGoogle|Any CPU.Build.0 = Debug With RealGoogle|Any CPU
		{B84CADD1-5F00-4B62-A363-9A047E39FBBD}.Debug|Any CPU.ActiveCfg = Debug|Any CPU
		{B84CADD1-5F00-4B62-A363-9A047E39FBBD}.Debug|Any CPU.Build.0 = Debug|Any CPU
		{B84CADD1-5F00-4B62-A363-9A047E39FBBD}.Release|Any CPU.ActiveCfg = Release|Any CPU
		{B84CADD1-5F00-4B62-A363-9A047E39FBBD}.Release|Any CPU.Build.0 = Release|Any CPU
		{8967F419-E3C4-4305-B8B9-0C1465960FB5}.Debug With RealGoogle|Any CPU.ActiveCfg = Debug With RealGoogle|Any CPU
		{8967F419-E3C4-4305-B8B9-0C1465960FB5}.Debug With RealGoogle|Any CPU.Build.0 = Debug With RealGoogle|Any CPU
		{8967F419-E3C4-4305-B8B9-0C1465960FB5}.Debug|Any CPU.ActiveCfg = Debug|Any CPU
		{8967F419-E3C4-4305-B8B9-0C1465960FB5}.Debug|Any CPU.Build.0 = Debug|Any CPU
		{8967F419-E3C4-4305-B8B9-0C1465960FB5}.Release|Any CPU.ActiveCfg = Release|Any CPU
		{8967F419-E3C4-4305-B8B9-0C1465960FB5}.Release|Any CPU.Build.0 = Release|Any CPU
		{D56E9DF6-B3A9-4B97-82E4-F3CD401BBE7C}.Debug With RealGoogle|Any CPU.ActiveCfg = Debug With RealGoogle|Any CPU
		{D56E9DF6-B3A9-4B97-82E4-F3CD401BBE7C}.Debug With RealGoogle|Any CPU.Build.0 = Debug With RealGoogle|Any CPU
		{D56E9DF6-B3A9-4B97-82E4-F3CD401BBE7C}.Debug|Any CPU.ActiveCfg = Debug|Any CPU
		{D56E9DF6-B3A9-4B97-82E4-F3CD401BBE7C}.Debug|Any CPU.Build.0 = Debug|Any CPU
		{D56E9DF6-B3A9-4B97-82E4-F3CD401BBE7C}.Release|Any CPU.ActiveCfg = Release|Any CPU
		{D56E9DF6-B3A9-4B97-82E4-F3CD401BBE7C}.Release|Any CPU.Build.0 = Release|Any CPU
		{648BD52D-DEA2-491C-B7D9-9DC959F537DE}.Debug With RealGoogle|Any CPU.ActiveCfg = Debug With RealGoogle|Any CPU
		{648BD52D-DEA2-491C-B7D9-9DC959F537DE}.Debug With RealGoogle|Any CPU.Build.0 = Debug With RealGoogle|Any CPU
		{648BD52D-DEA2-491C-B7D9-9DC959F537DE}.Debug|Any CPU.ActiveCfg = Debug|Any CPU
		{648BD52D-DEA2-491C-B7D9-9DC959F537DE}.Debug|Any CPU.Build.0 = Debug|Any CPU
		{648BD52D-DEA2-491C-B7D9-9DC959F537DE}.Release|Any CPU.ActiveCfg = Release|Any CPU
		{648BD52D-DEA2-491C-B7D9-9DC959F537DE}.Release|Any CPU.Build.0 = Release|Any CPU
		{62985BC6-A3FC-442C-A32E-AA0893B88396}.Debug With RealGoogle|Any CPU.ActiveCfg = Debug With RealGoogle|Any CPU
		{62985BC6-A3FC-442C-A32E-AA0893B88396}.Debug With RealGoogle|Any CPU.Build.0 = Debug With RealGoogle|Any CPU
		{62985BC6-A3FC-442C-A32E-AA0893B88396}.Debug|Any CPU.ActiveCfg = Debug|Any CPU
		{62985BC6-A3FC-442C-A32E-AA0893B88396}.Debug|Any CPU.Build.0 = Debug|Any CPU
		{62985BC6-A3FC-442C-A32E-AA0893B88396}.Release|Any CPU.ActiveCfg = Release|Any CPU
		{62985BC6-A3FC-442C-A32E-AA0893B88396}.Release|Any CPU.Build.0 = Release|Any CPU
		{48D4BEDB-21DD-4BA9-8B15-7327F2A87EA3}.Debug With RealGoogle|Any CPU.ActiveCfg = Debug With RealGoogle|Any CPU
		{48D4BEDB-21DD-4BA9-8B15-7327F2A87EA3}.Debug With RealGoogle|Any CPU.Build.0 = Debug With RealGoogle|Any CPU
		{48D4BEDB-21DD-4BA9-8B15-7327F2A87EA3}.Debug|Any CPU.ActiveCfg = Debug|Any CPU
		{48D4BEDB-21DD-4BA9-8B15-7327F2A87EA3}.Debug|Any CPU.Build.0 = Debug|Any CPU
		{48D4BEDB-21DD-4BA9-8B15-7327F2A87EA3}.Release|Any CPU.ActiveCfg = Release|Any CPU
		{48D4BEDB-21DD-4BA9-8B15-7327F2A87EA3}.Release|Any CPU.Build.0 = Release|Any CPU
		{79092310-533C-4709-814C-281D72D093F7}.Debug With RealGoogle|Any CPU.ActiveCfg = Debug|Any CPU
		{79092310-533C-4709-814C-281D72D093F7}.Debug With RealGoogle|Any CPU.Build.0 = Debug|Any CPU
		{79092310-533C-4709-814C-281D72D093F7}.Debug|Any CPU.ActiveCfg = Debug|Any CPU
		{79092310-533C-4709-814C-281D72D093F7}.Debug|Any CPU.Build.0 = Debug|Any CPU
		{79092310-533C-4709-814C-281D72D093F7}.Release|Any CPU.ActiveCfg = Release|Any CPU
		{79092310-533C-4709-814C-281D72D093F7}.Release|Any CPU.Build.0 = Release|Any CPU
		{5E7DB822-C12C-4B12-A8FB-D8336F6E272E}.Debug With RealGoogle|Any CPU.ActiveCfg = Debug With RealGoogle|Any CPU
		{5E7DB822-C12C-4B12-A8FB-D8336F6E272E}.Debug With RealGoogle|Any CPU.Build.0 = Debug With RealGoogle|Any CPU
		{5E7DB822-C12C-4B12-A8FB-D8336F6E272E}.Debug|Any CPU.ActiveCfg = Debug|Any CPU
		{5E7DB822-C12C-4B12-A8FB-D8336F6E272E}.Debug|Any CPU.Build.0 = Debug|Any CPU
		{5E7DB822-C12C-4B12-A8FB-D8336F6E272E}.Release|Any CPU.ActiveCfg = Release|Any CPU
		{5E7DB822-C12C-4B12-A8FB-D8336F6E272E}.Release|Any CPU.Build.0 = Release|Any CPU
		{3653EA67-0CA2-40FC-B027-1DF812F7BC7C}.Debug With RealGoogle|Any CPU.ActiveCfg = Debug|Any CPU
		{3653EA67-0CA2-40FC-B027-1DF812F7BC7C}.Debug With RealGoogle|Any CPU.Build.0 = Debug|Any CPU
		{3653EA67-0CA2-40FC-B027-1DF812F7BC7C}.Debug|Any CPU.ActiveCfg = Debug|Any CPU
		{3653EA67-0CA2-40FC-B027-1DF812F7BC7C}.Debug|Any CPU.Build.0 = Debug|Any CPU
		{3653EA67-0CA2-40FC-B027-1DF812F7BC7C}.Release|Any CPU.ActiveCfg = Release|Any CPU
		{3653EA67-0CA2-40FC-B027-1DF812F7BC7C}.Release|Any CPU.Build.0 = Release|Any CPU
		{E6F0FFC6-7F26-4286-AE57-44411EB66118}.Debug With RealGoogle|Any CPU.ActiveCfg = Debug|Any CPU
		{E6F0FFC6-7F26-4286-AE57-44411EB66118}.Debug With RealGoogle|Any CPU.Build.0 = Debug|Any CPU
		{E6F0FFC6-7F26-4286-AE57-44411EB66118}.Debug|Any CPU.ActiveCfg = Debug|Any CPU
		{E6F0FFC6-7F26-4286-AE57-44411EB66118}.Debug|Any CPU.Build.0 = Debug|Any CPU
		{E6F0FFC6-7F26-4286-AE57-44411EB66118}.Release|Any CPU.ActiveCfg = Release|Any CPU
		{E6F0FFC6-7F26-4286-AE57-44411EB66118}.Release|Any CPU.Build.0 = Release|Any CPU
		{623C71D4-1F01-4615-A64B-07154EC6DE57}.Debug With RealGoogle|Any CPU.ActiveCfg = Debug|Any CPU
		{623C71D4-1F01-4615-A64B-07154EC6DE57}.Debug With RealGoogle|Any CPU.Build.0 = Debug|Any CPU
		{623C71D4-1F01-4615-A64B-07154EC6DE57}.Debug|Any CPU.ActiveCfg = Debug|Any CPU
		{623C71D4-1F01-4615-A64B-07154EC6DE57}.Debug|Any CPU.Build.0 = Debug|Any CPU
		{623C71D4-1F01-4615-A64B-07154EC6DE57}.Release|Any CPU.ActiveCfg = Release|Any CPU
		{623C71D4-1F01-4615-A64B-07154EC6DE57}.Release|Any CPU.Build.0 = Release|Any CPU
		{F1342EB4-8A3B-4A47-AA84-5D6418F1D984}.Debug With RealGoogle|Any CPU.ActiveCfg = Debug|Any CPU
		{F1342EB4-8A3B-4A47-AA84-5D6418F1D984}.Debug With RealGoogle|Any CPU.Build.0 = Debug|Any CPU
		{F1342EB4-8A3B-4A47-AA84-5D6418F1D984}.Debug|Any CPU.ActiveCfg = Debug|Any CPU
		{F1342EB4-8A3B-4A47-AA84-5D6418F1D984}.Debug|Any CPU.Build.0 = Debug|Any CPU
		{F1342EB4-8A3B-4A47-AA84-5D6418F1D984}.Release|Any CPU.ActiveCfg = Release|Any CPU
		{F1342EB4-8A3B-4A47-AA84-5D6418F1D984}.Release|Any CPU.Build.0 = Release|Any CPU
		{AD56F730-28E1-4FED-9587-79079A4DE9C6}.Debug With RealGoogle|Any CPU.ActiveCfg = Debug|Any CPU
		{AD56F730-28E1-4FED-9587-79079A4DE9C6}.Debug With RealGoogle|Any CPU.Build.0 = Debug|Any CPU
		{AD56F730-28E1-4FED-9587-79079A4DE9C6}.Debug|Any CPU.ActiveCfg = Debug|Any CPU
		{AD56F730-28E1-4FED-9587-79079A4DE9C6}.Debug|Any CPU.Build.0 = Debug|Any CPU
		{AD56F730-28E1-4FED-9587-79079A4DE9C6}.Release|Any CPU.ActiveCfg = Release|Any CPU
		{AD56F730-28E1-4FED-9587-79079A4DE9C6}.Release|Any CPU.Build.0 = Release|Any CPU
		{181D744F-637D-4124-AE8A-ED2F3DCD0A66}.Debug With RealGoogle|Any CPU.ActiveCfg = Debug|Any CPU
		{181D744F-637D-4124-AE8A-ED2F3DCD0A66}.Debug With RealGoogle|Any CPU.Build.0 = Debug|Any CPU
		{181D744F-637D-4124-AE8A-ED2F3DCD0A66}.Debug|Any CPU.ActiveCfg = Debug|Any CPU
		{181D744F-637D-4124-AE8A-ED2F3DCD0A66}.Debug|Any CPU.Build.0 = Debug|Any CPU
		{181D744F-637D-4124-AE8A-ED2F3DCD0A66}.Release|Any CPU.ActiveCfg = Release|Any CPU
		{181D744F-637D-4124-AE8A-ED2F3DCD0A66}.Release|Any CPU.Build.0 = Release|Any CPU
		{BC77765F-0F0A-47F9-8D86-7D2EAD6F496C}.Debug With RealGoogle|Any CPU.ActiveCfg = Debug|Any CPU
		{BC77765F-0F0A-47F9-8D86-7D2EAD6F496C}.Debug With RealGoogle|Any CPU.Build.0 = Debug|Any CPU
		{BC77765F-0F0A-47F9-8D86-7D2EAD6F496C}.Debug|Any CPU.ActiveCfg = Debug|Any CPU
		{BC77765F-0F0A-47F9-8D86-7D2EAD6F496C}.Debug|Any CPU.Build.0 = Debug|Any CPU
		{BC77765F-0F0A-47F9-8D86-7D2EAD6F496C}.Release|Any CPU.ActiveCfg = Release|Any CPU
		{BC77765F-0F0A-47F9-8D86-7D2EAD6F496C}.Release|Any CPU.Build.0 = Release|Any CPU
		{D9170058-B707-44F3-A38F-88117D9D8331}.Debug With RealGoogle|Any CPU.ActiveCfg = Debug|Any CPU
		{D9170058-B707-44F3-A38F-88117D9D8331}.Debug With RealGoogle|Any CPU.Build.0 = Debug|Any CPU
		{D9170058-B707-44F3-A38F-88117D9D8331}.Debug|Any CPU.ActiveCfg = Debug|Any CPU
		{D9170058-B707-44F3-A38F-88117D9D8331}.Debug|Any CPU.Build.0 = Debug|Any CPU
		{D9170058-B707-44F3-A38F-88117D9D8331}.Release|Any CPU.ActiveCfg = Release|Any CPU
		{D9170058-B707-44F3-A38F-88117D9D8331}.Release|Any CPU.Build.0 = Release|Any CPU
		{383487D6-E248-4D1B-A1D6-BE3BFBC54ABF}.Debug With RealGoogle|Any CPU.ActiveCfg = Debug|Any CPU
		{383487D6-E248-4D1B-A1D6-BE3BFBC54ABF}.Debug With RealGoogle|Any CPU.Build.0 = Debug|Any CPU
		{383487D6-E248-4D1B-A1D6-BE3BFBC54ABF}.Debug|Any CPU.ActiveCfg = Debug|Any CPU
		{383487D6-E248-4D1B-A1D6-BE3BFBC54ABF}.Debug|Any CPU.Build.0 = Debug|Any CPU
		{383487D6-E248-4D1B-A1D6-BE3BFBC54ABF}.Release|Any CPU.ActiveCfg = Release|Any CPU
		{383487D6-E248-4D1B-A1D6-BE3BFBC54ABF}.Release|Any CPU.Build.0 = Release|Any CPU
		{CDDB3393-DFAF-4FA2-A9C4-0F9B06332753}.Debug With RealGoogle|Any CPU.ActiveCfg = Debug|Any CPU
		{CDDB3393-DFAF-4FA2-A9C4-0F9B06332753}.Debug With RealGoogle|Any CPU.Build.0 = Debug|Any CPU
		{CDDB3393-DFAF-4FA2-A9C4-0F9B06332753}.Debug|Any CPU.ActiveCfg = Debug|Any CPU
		{CDDB3393-DFAF-4FA2-A9C4-0F9B06332753}.Debug|Any CPU.Build.0 = Debug|Any CPU
		{CDDB3393-DFAF-4FA2-A9C4-0F9B06332753}.Release|Any CPU.ActiveCfg = Release|Any CPU
		{CDDB3393-DFAF-4FA2-A9C4-0F9B06332753}.Release|Any CPU.Build.0 = Release|Any CPU
		{BF686FD0-CD50-4F60-AD88-02591D9F3528}.Debug With RealGoogle|Any CPU.ActiveCfg = Debug|Any CPU
		{BF686FD0-CD50-4F60-AD88-02591D9F3528}.Debug With RealGoogle|Any CPU.Build.0 = Debug|Any CPU
		{BF686FD0-CD50-4F60-AD88-02591D9F3528}.Debug|Any CPU.ActiveCfg = Debug|Any CPU
		{BF686FD0-CD50-4F60-AD88-02591D9F3528}.Debug|Any CPU.Build.0 = Debug|Any CPU
		{BF686FD0-CD50-4F60-AD88-02591D9F3528}.Release|Any CPU.ActiveCfg = Release|Any CPU
		{BF686FD0-CD50-4F60-AD88-02591D9F3528}.Release|Any CPU.Build.0 = Release|Any CPU
		{48054F06-CCF2-4F00-BF6A-70F44C86BEF5}.Debug With RealGoogle|Any CPU.ActiveCfg = Debug|Any CPU
		{48054F06-CCF2-4F00-BF6A-70F44C86BEF5}.Debug With RealGoogle|Any CPU.Build.0 = Debug|Any CPU
		{48054F06-CCF2-4F00-BF6A-70F44C86BEF5}.Debug|Any CPU.ActiveCfg = Debug|Any CPU
		{48054F06-CCF2-4F00-BF6A-70F44C86BEF5}.Debug|Any CPU.Build.0 = Debug|Any CPU
		{48054F06-CCF2-4F00-BF6A-70F44C86BEF5}.Release|Any CPU.ActiveCfg = Release|Any CPU
		{48054F06-CCF2-4F00-BF6A-70F44C86BEF5}.Release|Any CPU.Build.0 = Release|Any CPU
		{51555E8A-6A06-4216-AB08-57F5E8663AA1}.Debug With RealGoogle|Any CPU.ActiveCfg = Debug|Any CPU
		{51555E8A-6A06-4216-AB08-57F5E8663AA1}.Debug With RealGoogle|Any CPU.Build.0 = Debug|Any CPU
		{51555E8A-6A06-4216-AB08-57F5E8663AA1}.Debug|Any CPU.ActiveCfg = Debug|Any CPU
		{51555E8A-6A06-4216-AB08-57F5E8663AA1}.Debug|Any CPU.Build.0 = Debug|Any CPU
		{51555E8A-6A06-4216-AB08-57F5E8663AA1}.Release|Any CPU.ActiveCfg = Release|Any CPU
		{51555E8A-6A06-4216-AB08-57F5E8663AA1}.Release|Any CPU.Build.0 = Release|Any CPU
		{6B0C008E-522D-4A5A-B854-CA14FA22C715}.Debug With RealGoogle|Any CPU.ActiveCfg = Debug|Any CPU
		{6B0C008E-522D-4A5A-B854-CA14FA22C715}.Debug With RealGoogle|Any CPU.Build.0 = Debug|Any CPU
		{6B0C008E-522D-4A5A-B854-CA14FA22C715}.Debug|Any CPU.ActiveCfg = Debug|Any CPU
		{6B0C008E-522D-4A5A-B854-CA14FA22C715}.Debug|Any CPU.Build.0 = Debug|Any CPU
		{6B0C008E-522D-4A5A-B854-CA14FA22C715}.Release|Any CPU.ActiveCfg = Release|Any CPU
		{6B0C008E-522D-4A5A-B854-CA14FA22C715}.Release|Any CPU.Build.0 = Release|Any CPU
		{8735FC81-85DC-41B1-BB3A-9473CEA4D455}.Debug With RealGoogle|Any CPU.ActiveCfg = Debug|Any CPU
		{8735FC81-85DC-41B1-BB3A-9473CEA4D455}.Debug With RealGoogle|Any CPU.Build.0 = Debug|Any CPU
		{8735FC81-85DC-41B1-BB3A-9473CEA4D455}.Debug|Any CPU.ActiveCfg = Debug|Any CPU
		{8735FC81-85DC-41B1-BB3A-9473CEA4D455}.Debug|Any CPU.Build.0 = Debug|Any CPU
		{8735FC81-85DC-41B1-BB3A-9473CEA4D455}.Release|Any CPU.ActiveCfg = Release|Any CPU
		{8735FC81-85DC-41B1-BB3A-9473CEA4D455}.Release|Any CPU.Build.0 = Release|Any CPU
		{6E92CD1C-AD25-4845-8335-FB0EB813CE73}.Debug With RealGoogle|Any CPU.ActiveCfg = Debug|Any CPU
		{6E92CD1C-AD25-4845-8335-FB0EB813CE73}.Debug With RealGoogle|Any CPU.Build.0 = Debug|Any CPU
		{6E92CD1C-AD25-4845-8335-FB0EB813CE73}.Debug|Any CPU.ActiveCfg = Debug|Any CPU
		{6E92CD1C-AD25-4845-8335-FB0EB813CE73}.Debug|Any CPU.Build.0 = Debug|Any CPU
		{6E92CD1C-AD25-4845-8335-FB0EB813CE73}.Release|Any CPU.ActiveCfg = Release|Any CPU
		{6E92CD1C-AD25-4845-8335-FB0EB813CE73}.Release|Any CPU.Build.0 = Release|Any CPU
		{74331164-A8FD-498D-B4F8-F10A12AD4FFA}.Debug With RealGoogle|Any CPU.ActiveCfg = Debug|Any CPU
		{74331164-A8FD-498D-B4F8-F10A12AD4FFA}.Debug With RealGoogle|Any CPU.Build.0 = Debug|Any CPU
		{74331164-A8FD-498D-B4F8-F10A12AD4FFA}.Debug|Any CPU.ActiveCfg = Debug|Any CPU
		{74331164-A8FD-498D-B4F8-F10A12AD4FFA}.Debug|Any CPU.Build.0 = Debug|Any CPU
		{74331164-A8FD-498D-B4F8-F10A12AD4FFA}.Release|Any CPU.ActiveCfg = Release|Any CPU
		{74331164-A8FD-498D-B4F8-F10A12AD4FFA}.Release|Any CPU.Build.0 = Release|Any CPU
	EndGlobalSection
	GlobalSection(SolutionProperties) = preSolution
		HideSolutionNode = FALSE
	EndGlobalSection
	GlobalSection(NestedProjects) = preSolution
		{AB95E2B1-929A-4ECA-A848-AD7AC3D73DB7} = {A6E968A2-F6A8-4D1D-BD42-EE1CD7C782BC}
		{AE883BE4-3D4F-44E1-A3ED-F59C7D57083D} = {A6E968A2-F6A8-4D1D-BD42-EE1CD7C782BC}
		{BF1A0257-88B9-4E46-83EB-5C8836B3486A} = {753659F5-28AD-4F6F-AE58-E1F3F8E274B4}
		{B0BA6194-1CA6-48F6-9090-DC6A8C468F63} = {753659F5-28AD-4F6F-AE58-E1F3F8E274B4}
		{6CAFE95B-09B0-470D-83F3-B49C17B38334} = {491DA4DE-FC01-40E3-B29C-6ED65676BEA5}
		{B84CADD1-5F00-4B62-A363-9A047E39FBBD} = {491DA4DE-FC01-40E3-B29C-6ED65676BEA5}
		{8967F419-E3C4-4305-B8B9-0C1465960FB5} = {491DA4DE-FC01-40E3-B29C-6ED65676BEA5}
		{D56E9DF6-B3A9-4B97-82E4-F3CD401BBE7C} = {4AFFAE11-44BE-4405-B3F8-A60826387129}
		{648BD52D-DEA2-491C-B7D9-9DC959F537DE} = {4AFFAE11-44BE-4405-B3F8-A60826387129}
		{62985BC6-A3FC-442C-A32E-AA0893B88396} = {A7535E33-EE6C-49B8-8BEB-D2A4E394A762}
		{48D4BEDB-21DD-4BA9-8B15-7327F2A87EA3} = {A7535E33-EE6C-49B8-8BEB-D2A4E394A762}
		{79092310-533C-4709-814C-281D72D093F7} = {491DA4DE-FC01-40E3-B29C-6ED65676BEA5}
		{5E7DB822-C12C-4B12-A8FB-D8336F6E272E} = {F60824C4-90B4-4C99-BF8C-A185BCA036B0}
		{3653EA67-0CA2-40FC-B027-1DF812F7BC7C} = {6800792F-BAE0-49FD-AD84-142BBB895596}
		{E6F0FFC6-7F26-4286-AE57-44411EB66118} = {4AFFAE11-44BE-4405-B3F8-A60826387129}
		{623C71D4-1F01-4615-A64B-07154EC6DE57} = {6800792F-BAE0-49FD-AD84-142BBB895596}
		{F1342EB4-8A3B-4A47-AA84-5D6418F1D984} = {4AFFAE11-44BE-4405-B3F8-A60826387129}
		{AD56F730-28E1-4FED-9587-79079A4DE9C6} = {4AFFAE11-44BE-4405-B3F8-A60826387129}
		{181D744F-637D-4124-AE8A-ED2F3DCD0A66} = {4AFFAE11-44BE-4405-B3F8-A60826387129}
		{BC77765F-0F0A-47F9-8D86-7D2EAD6F496C} = {F60824C4-90B4-4C99-BF8C-A185BCA036B0}
		{D9170058-B707-44F3-A38F-88117D9D8331} = {F60824C4-90B4-4C99-BF8C-A185BCA036B0}
		{383487D6-E248-4D1B-A1D6-BE3BFBC54ABF} = {4AFFAE11-44BE-4405-B3F8-A60826387129}
		{CDDB3393-DFAF-4FA2-A9C4-0F9B06332753} = {4AFFAE11-44BE-4405-B3F8-A60826387129}
		{BF686FD0-CD50-4F60-AD88-02591D9F3528} = {F60824C4-90B4-4C99-BF8C-A185BCA036B0}
		{48054F06-CCF2-4F00-BF6A-70F44C86BEF5} = {4AFFAE11-44BE-4405-B3F8-A60826387129}
		{51555E8A-6A06-4216-AB08-57F5E8663AA1} = {4AFFAE11-44BE-4405-B3F8-A60826387129}
		{6B0C008E-522D-4A5A-B854-CA14FA22C715} = {4AFFAE11-44BE-4405-B3F8-A60826387129}
		{8735FC81-85DC-41B1-BB3A-9473CEA4D455} = {4AFFAE11-44BE-4405-B3F8-A60826387129}
		{6E92CD1C-AD25-4845-8335-FB0EB813CE73} = {4AFFAE11-44BE-4405-B3F8-A60826387129}
		{74331164-A8FD-498D-B4F8-F10A12AD4FFA} = {4AFFAE11-44BE-4405-B3F8-A60826387129}
	EndGlobalSection
	GlobalSection(ExtensibilityGlobals) = postSolution
		SolutionGuid = {46C1937C-3FE9-4F20-B1E3-E40616B3A48D}
	EndGlobalSection
EndGlobal
