
Microsoft Visual Studio Solution File, Format Version 12.00
# Visual Studio 15
VisualStudioVersion = 15.0.27130.2003
MinimumVisualStudioVersion = 10.0.40219.1
Project("{FAE04EC0-301F-11D3-BF4B-00C04F79EFBC}") = "IRuettae.Lib", "IRuettae.Lib\IRuettae.Lib.csproj", "{B84CADD1-5F00-4B62-A363-9A047E39FBBD}"
EndProject
Project("{FAE04EC0-301F-11D3-BF4B-00C04F79EFBC}") = "IRuettae.Lib.Tests", "IRuettae.Lib.Tests\IRuettae.Lib.Tests.csproj", "{8967F419-E3C4-4305-B8B9-0C1465960FB5}"
EndProject
Project("{FAE04EC0-301F-11D3-BF4B-00C04F79EFBC}") = "IRuettae.ConsoleApp", "IRuettae.ConsoleApp\IRuettae.ConsoleApp.csproj", "{5E7DB822-C12C-4B12-A8FB-D8336F6E272E}"
EndProject
Project("{FAE04EC0-301F-11D3-BF4B-00C04F79EFBC}") = "IRuettae.FormsApp", "IRuettae.FormsApp\IRuettae.FormsApp.csproj", "{53351C64-C040-4F3B-85B1-DEB7615380EC}"
EndProject
Project("{FAE04EC0-301F-11D3-BF4B-00C04F79EFBC}") = "IRuettae.WebApp", "IRuettae.WebApp\IRuettae.WebApp.csproj", "{AB95E2B1-929A-4ECA-A848-AD7AC3D73DB7}"
EndProject
Project("{FAE04EC0-301F-11D3-BF4B-00C04F79EFBC}") = "IRuettae.WebApp.Tests", "IRuettae.WebApp.Tests\IRuettae.WebApp.Tests.csproj", "{AE883BE4-3D4F-44E1-A3ED-F59C7D57083D}"
EndProject
Project("{FAE04EC0-301F-11D3-BF4B-00C04F79EFBC}") = "IRuettae.WebAPI", "IRuettae.WebAPI\IRuettae.WebAPI.csproj", "{BC05EC32-133D-4AF2-9248-6187537D20B8}"
EndProject
Project("{FAE04EC0-301F-11D3-BF4B-00C04F79EFBC}") = "IRuettae.WebAPI.Tests", "IRuettae.WebAPI.Tests\IRuettae.WebAPI.Tests.csproj", "{67A96D16-E227-47C6-9773-37DED11C3586}"
EndProject
Project("{FAE04EC0-301F-11D3-BF4B-00C04F79EFBC}") = "IRuettae.GeoCalculations", "IRuettae.Geolocator\IRuettae.GeoCalculations.csproj", "{6CAFE95B-09B0-470D-83F3-B49C17B38334}"
EndProject
Global
	GlobalSection(SolutionConfigurationPlatforms) = preSolution
		Debug|Any CPU = Debug|Any CPU
		Release|Any CPU = Release|Any CPU
	EndGlobalSection
	GlobalSection(ProjectConfigurationPlatforms) = postSolution
		{B84CADD1-5F00-4B62-A363-9A047E39FBBD}.Debug|Any CPU.ActiveCfg = Debug|Any CPU
		{B84CADD1-5F00-4B62-A363-9A047E39FBBD}.Debug|Any CPU.Build.0 = Debug|Any CPU
		{B84CADD1-5F00-4B62-A363-9A047E39FBBD}.Release|Any CPU.ActiveCfg = Release|Any CPU
		{B84CADD1-5F00-4B62-A363-9A047E39FBBD}.Release|Any CPU.Build.0 = Release|Any CPU
		{8967F419-E3C4-4305-B8B9-0C1465960FB5}.Debug|Any CPU.ActiveCfg = Debug|Any CPU
		{8967F419-E3C4-4305-B8B9-0C1465960FB5}.Debug|Any CPU.Build.0 = Debug|Any CPU
		{8967F419-E3C4-4305-B8B9-0C1465960FB5}.Release|Any CPU.ActiveCfg = Release|Any CPU
		{8967F419-E3C4-4305-B8B9-0C1465960FB5}.Release|Any CPU.Build.0 = Release|Any CPU
		{5E7DB822-C12C-4B12-A8FB-D8336F6E272E}.Debug|Any CPU.ActiveCfg = Debug|Any CPU
		{5E7DB822-C12C-4B12-A8FB-D8336F6E272E}.Debug|Any CPU.Build.0 = Debug|Any CPU
		{5E7DB822-C12C-4B12-A8FB-D8336F6E272E}.Release|Any CPU.ActiveCfg = Release|Any CPU
		{5E7DB822-C12C-4B12-A8FB-D8336F6E272E}.Release|Any CPU.Build.0 = Release|Any CPU
		{53351C64-C040-4F3B-85B1-DEB7615380EC}.Debug|Any CPU.ActiveCfg = Debug|Any CPU
		{53351C64-C040-4F3B-85B1-DEB7615380EC}.Debug|Any CPU.Build.0 = Debug|Any CPU
		{53351C64-C040-4F3B-85B1-DEB7615380EC}.Release|Any CPU.ActiveCfg = Release|Any CPU
		{53351C64-C040-4F3B-85B1-DEB7615380EC}.Release|Any CPU.Build.0 = Release|Any CPU
		{AB95E2B1-929A-4ECA-A848-AD7AC3D73DB7}.Debug|Any CPU.ActiveCfg = Debug|Any CPU
		{AB95E2B1-929A-4ECA-A848-AD7AC3D73DB7}.Debug|Any CPU.Build.0 = Debug|Any CPU
		{AB95E2B1-929A-4ECA-A848-AD7AC3D73DB7}.Release|Any CPU.ActiveCfg = Release|Any CPU
		{AB95E2B1-929A-4ECA-A848-AD7AC3D73DB7}.Release|Any CPU.Build.0 = Release|Any CPU
		{AE883BE4-3D4F-44E1-A3ED-F59C7D57083D}.Debug|Any CPU.ActiveCfg = Debug|Any CPU
		{AE883BE4-3D4F-44E1-A3ED-F59C7D57083D}.Debug|Any CPU.Build.0 = Debug|Any CPU
		{AE883BE4-3D4F-44E1-A3ED-F59C7D57083D}.Release|Any CPU.ActiveCfg = Release|Any CPU
		{AE883BE4-3D4F-44E1-A3ED-F59C7D57083D}.Release|Any CPU.Build.0 = Release|Any CPU
		{BC05EC32-133D-4AF2-9248-6187537D20B8}.Debug|Any CPU.ActiveCfg = Debug|Any CPU
		{BC05EC32-133D-4AF2-9248-6187537D20B8}.Debug|Any CPU.Build.0 = Debug|Any CPU
		{BC05EC32-133D-4AF2-9248-6187537D20B8}.Release|Any CPU.ActiveCfg = Release|Any CPU
		{BC05EC32-133D-4AF2-9248-6187537D20B8}.Release|Any CPU.Build.0 = Release|Any CPU
		{67A96D16-E227-47C6-9773-37DED11C3586}.Debug|Any CPU.ActiveCfg = Debug|Any CPU
		{67A96D16-E227-47C6-9773-37DED11C3586}.Debug|Any CPU.Build.0 = Debug|Any CPU
		{67A96D16-E227-47C6-9773-37DED11C3586}.Release|Any CPU.ActiveCfg = Release|Any CPU
		{67A96D16-E227-47C6-9773-37DED11C3586}.Release|Any CPU.Build.0 = Release|Any CPU
		{6CAFE95B-09B0-470D-83F3-B49C17B38334}.Debug|Any CPU.ActiveCfg = Debug|Any CPU
		{6CAFE95B-09B0-470D-83F3-B49C17B38334}.Debug|Any CPU.Build.0 = Debug|Any CPU
		{6CAFE95B-09B0-470D-83F3-B49C17B38334}.Release|Any CPU.ActiveCfg = Release|Any CPU
		{6CAFE95B-09B0-470D-83F3-B49C17B38334}.Release|Any CPU.Build.0 = Release|Any CPU
	EndGlobalSection
	GlobalSection(SolutionProperties) = preSolution
		HideSolutionNode = FALSE
	EndGlobalSection
	GlobalSection(ExtensibilityGlobals) = postSolution
		SolutionGuid = {46C1937C-3FE9-4F20-B1E3-E40616B3A48D}
	EndGlobalSection
EndGlobal
